{
  "name": "Web-Triolingo",
  "lockfileVersion": 2,
  "requires": true,
  "packages": {
    "": {
      "dependencies": {
        "@ckeditor/ckeditor5-build-classic": "^36.0.1"
      }
    },
    "node_modules/@ckeditor/ckeditor5-adapter-ckfinder": {
      "version": "36.0.1",
      "resolved": "https://registry.npmjs.org/@ckeditor/ckeditor5-adapter-ckfinder/-/ckeditor5-adapter-ckfinder-36.0.1.tgz",
      "integrity": "sha512-kZUvaG0fpGavArn5Yl2eKkCfCelemRfPRVyPerliJUh/6xhDhwT2ds/stI4VyhE2tHRD9ohOywxAEcH2XJUthg==",
      "dependencies": {
        "ckeditor5": "^36.0.1"
      },
      "engines": {
        "node": ">=14.0.0",
        "npm": ">=5.7.1"
      }
    },
    "node_modules/@ckeditor/ckeditor5-autoformat": {
      "version": "36.0.1",
      "resolved": "https://registry.npmjs.org/@ckeditor/ckeditor5-autoformat/-/ckeditor5-autoformat-36.0.1.tgz",
      "integrity": "sha512-kve+Ergl40L6DzbtvyTMhbwfMZgpl0SJgsAzukQ72OyvJykQywworJ3zt/PgLCJKD+EKN80X9nR8kfBzXRG/vw==",
      "dependencies": {
        "ckeditor5": "^36.0.1"
      },
      "engines": {
        "node": ">=14.0.0",
        "npm": ">=5.7.1"
      }
    },
    "node_modules/@ckeditor/ckeditor5-basic-styles": {
      "version": "36.0.1",
      "resolved": "https://registry.npmjs.org/@ckeditor/ckeditor5-basic-styles/-/ckeditor5-basic-styles-36.0.1.tgz",
      "integrity": "sha512-5qbgzsgmJP7lecf78sy6QpqbsF2BLs7WxziMrJUXQytgq4S7o+Q/uqGF/itpkQMBBnLulRFJ8/x055iOBugreQ==",
      "dependencies": {
        "ckeditor5": "^36.0.1"
      },
      "engines": {
        "node": ">=14.0.0",
        "npm": ">=5.7.1"
      }
    },
    "node_modules/@ckeditor/ckeditor5-block-quote": {
      "version": "36.0.1",
      "resolved": "https://registry.npmjs.org/@ckeditor/ckeditor5-block-quote/-/ckeditor5-block-quote-36.0.1.tgz",
      "integrity": "sha512-kLvkHGiu5lAnPiUnRUc0M0Nlls179PmcOvX+YIIp62YBYTxG/R6oCC5clnnhodNiDQBEgwbxqoqTKNSkOX0VWw==",
      "dependencies": {
        "ckeditor5": "^36.0.1"
      },
      "engines": {
        "node": ">=14.0.0",
        "npm": ">=5.7.1"
      }
    },
    "node_modules/@ckeditor/ckeditor5-build-classic": {
      "version": "36.0.1",
      "resolved": "https://registry.npmjs.org/@ckeditor/ckeditor5-build-classic/-/ckeditor5-build-classic-36.0.1.tgz",
      "integrity": "sha512-noBqFM9rzf9WAn5JLqbmKbjarrrLzu0cNDX8LUaYPa/n/AYThL2ul4vy6zmHS7OS+PJLQaH+S/bTFLRflcVl3A==",
      "dependencies": {
        "@ckeditor/ckeditor5-adapter-ckfinder": "^36.0.1",
        "@ckeditor/ckeditor5-autoformat": "^36.0.1",
        "@ckeditor/ckeditor5-basic-styles": "^36.0.1",
        "@ckeditor/ckeditor5-block-quote": "^36.0.1",
        "@ckeditor/ckeditor5-ckbox": "^36.0.1",
        "@ckeditor/ckeditor5-ckfinder": "^36.0.1",
        "@ckeditor/ckeditor5-cloud-services": "^36.0.1",
        "@ckeditor/ckeditor5-easy-image": "^36.0.1",
        "@ckeditor/ckeditor5-editor-classic": "^36.0.1",
        "@ckeditor/ckeditor5-essentials": "^36.0.1",
        "@ckeditor/ckeditor5-heading": "^36.0.1",
        "@ckeditor/ckeditor5-image": "^36.0.1",
        "@ckeditor/ckeditor5-indent": "^36.0.1",
        "@ckeditor/ckeditor5-link": "^36.0.1",
        "@ckeditor/ckeditor5-list": "^36.0.1",
        "@ckeditor/ckeditor5-media-embed": "^36.0.1",
        "@ckeditor/ckeditor5-paragraph": "^36.0.1",
        "@ckeditor/ckeditor5-paste-from-office": "^36.0.1",
        "@ckeditor/ckeditor5-table": "^36.0.1",
        "@ckeditor/ckeditor5-typing": "^36.0.1"
      },
      "engines": {
        "node": ">=14.0.0",
        "npm": ">=5.7.1"
      }
    },
    "node_modules/@ckeditor/ckeditor5-ckbox": {
      "version": "36.0.1",
      "resolved": "https://registry.npmjs.org/@ckeditor/ckeditor5-ckbox/-/ckeditor5-ckbox-36.0.1.tgz",
      "integrity": "sha512-QzrsGCj84Yd3wDIvFk/e/BJvjeQHhBDxJ/XUfkDw2rhFvJZ9V5Xx08JR+Hsamvc/wd/ES/SlJyDPRjzdfuq/gw==",
      "dependencies": {
        "ckeditor5": "^36.0.1"
      },
      "engines": {
        "node": ">=14.0.0",
        "npm": ">=5.7.1"
      }
    },
    "node_modules/@ckeditor/ckeditor5-ckfinder": {
      "version": "36.0.1",
      "resolved": "https://registry.npmjs.org/@ckeditor/ckeditor5-ckfinder/-/ckeditor5-ckfinder-36.0.1.tgz",
      "integrity": "sha512-2qdUHEDmBdyFMeiNSWgE/f1p3Tt9b1uuOsvAt+pXJHET9zT8TlpipbhzN3e9+Vqbiy7tv1ofK/gGGHLGoI25tg==",
      "dependencies": {
        "ckeditor5": "^36.0.1"
      },
      "engines": {
        "node": ">=14.0.0",
        "npm": ">=5.7.1"
      }
    },
    "node_modules/@ckeditor/ckeditor5-clipboard": {
      "version": "36.0.1",
      "resolved": "https://registry.npmjs.org/@ckeditor/ckeditor5-clipboard/-/ckeditor5-clipboard-36.0.1.tgz",
      "integrity": "sha512-CFh5oO29dUXwsUf/BPM8g5l8MV3hiG27/h6fpC1qRUTAVXDAj43j+cfYYs8MwNi3hv0c/1KyT1bLySqQ/LZctw==",
      "dependencies": {
        "@ckeditor/ckeditor5-core": "^36.0.1",
        "@ckeditor/ckeditor5-engine": "^36.0.1",
        "@ckeditor/ckeditor5-utils": "^36.0.1",
        "@ckeditor/ckeditor5-widget": "^36.0.1",
        "lodash-es": "^4.17.11"
      },
      "engines": {
        "node": ">=14.0.0",
        "npm": ">=5.7.1"
      }
    },
    "node_modules/@ckeditor/ckeditor5-cloud-services": {
      "version": "36.0.1",
      "resolved": "https://registry.npmjs.org/@ckeditor/ckeditor5-cloud-services/-/ckeditor5-cloud-services-36.0.1.tgz",
      "integrity": "sha512-o+Xp3mAWISx+LCHeV8wYN1v7ZA0XUtIOXPb6N+6lJcS9fDSdc/B4+0KnpHoDZQThgvs9UoNb6ty2f3H5Den/Bg==",
      "dependencies": {
        "ckeditor5": "^36.0.1"
      },
      "engines": {
        "node": ">=14.0.0",
        "npm": ">=5.7.1"
      }
    },
    "node_modules/@ckeditor/ckeditor5-core": {
      "version": "36.0.1",
      "resolved": "https://registry.npmjs.org/@ckeditor/ckeditor5-core/-/ckeditor5-core-36.0.1.tgz",
      "integrity": "sha512-50O+DYXtaf4dMOn+3mGUvfYiE2qsCgVn114WQj7Tj3pZl5w+pAIv/2P+9cBB2Kb7QxgPZqZ7bvsi9wHqIJ6KCw==",
      "dependencies": {
        "@ckeditor/ckeditor5-engine": "^36.0.1",
        "@ckeditor/ckeditor5-utils": "^36.0.1",
        "lodash-es": "^4.17.15"
      },
      "engines": {
        "node": ">=14.0.0",
        "npm": ">=5.7.1"
      }
    },
    "node_modules/@ckeditor/ckeditor5-easy-image": {
      "version": "36.0.1",
      "resolved": "https://registry.npmjs.org/@ckeditor/ckeditor5-easy-image/-/ckeditor5-easy-image-36.0.1.tgz",
      "integrity": "sha512-t74s840xNPaWibgI1YcC/lHcigCY4zUyXzpXhepWe9qw4zfg58H2wK6a0AwBN+yy8mXcotDUmjXkOXgnNkJp0Q==",
      "dependencies": {
        "ckeditor5": "^36.0.1"
      },
      "engines": {
        "node": ">=14.0.0",
        "npm": ">=5.7.1"
      }
    },
    "node_modules/@ckeditor/ckeditor5-editor-classic": {
      "version": "36.0.1",
      "resolved": "https://registry.npmjs.org/@ckeditor/ckeditor5-editor-classic/-/ckeditor5-editor-classic-36.0.1.tgz",
      "integrity": "sha512-/euO79HzgIxILgxbqpGaMxO3f2BSGazljAGTc+aGJQ4bs9YnkxpeCc2wxYXuUzMNev2vVqhaPTvRJzg2Bb2r9w==",
      "dependencies": {
        "ckeditor5": "^36.0.1",
        "lodash-es": "^4.17.15"
      },
      "engines": {
        "node": ">=14.0.0",
        "npm": ">=5.7.1"
      }
    },
    "node_modules/@ckeditor/ckeditor5-engine": {
      "version": "36.0.1",
      "resolved": "https://registry.npmjs.org/@ckeditor/ckeditor5-engine/-/ckeditor5-engine-36.0.1.tgz",
      "integrity": "sha512-Ze2omTguUggwiL9vvLvPk+QpjEBbIOPS1Hi/ROYlsW8QSdnPbSTv+6rCIYThqJMFeonxLZWV5XwbcqpgSAs0MA==",
      "dependencies": {
        "@ckeditor/ckeditor5-utils": "^36.0.1",
        "lodash-es": "^4.17.15"
      },
      "engines": {
        "node": ">=14.0.0",
        "npm": ">=5.7.1"
      }
    },
    "node_modules/@ckeditor/ckeditor5-enter": {
      "version": "36.0.1",
      "resolved": "https://registry.npmjs.org/@ckeditor/ckeditor5-enter/-/ckeditor5-enter-36.0.1.tgz",
      "integrity": "sha512-FHZ43bltDGFyihfBOTwBOgsS2mMU2ATR9xxFEKlDP+8+P1bq4e0YkC3t4PuwtHIZMvNHiFxqvmFtA2eznGS7sQ==",
      "dependencies": {
        "@ckeditor/ckeditor5-core": "^36.0.1",
        "@ckeditor/ckeditor5-engine": "^36.0.1"
      },
      "engines": {
        "node": ">=14.0.0",
        "npm": ">=5.7.1"
      }
    },
    "node_modules/@ckeditor/ckeditor5-essentials": {
      "version": "36.0.1",
      "resolved": "https://registry.npmjs.org/@ckeditor/ckeditor5-essentials/-/ckeditor5-essentials-36.0.1.tgz",
      "integrity": "sha512-f6yEeSA75/hAqK+hZ09LnUj+2PSXFSTHFBzC32WKr+e2qlTx3/mArvwnnQcTj7lo7SuUmctpg7X5DD3/Rcg+HA==",
      "dependencies": {
        "ckeditor5": "^36.0.1"
      },
      "engines": {
        "node": ">=14.0.0",
        "npm": ">=5.7.1"
      }
    },
    "node_modules/@ckeditor/ckeditor5-heading": {
      "version": "36.0.1",
      "resolved": "https://registry.npmjs.org/@ckeditor/ckeditor5-heading/-/ckeditor5-heading-36.0.1.tgz",
      "integrity": "sha512-elVL6y8kFFB4wCjmVTYsbx5vFoNCsPn9fAJ4/T2tElb9wszs4BsbMjScUNwVomOxuSPy3x6Qt4HG1NFVoh1FKg==",
      "dependencies": {
        "ckeditor5": "^36.0.1"
      },
      "engines": {
        "node": ">=14.0.0",
        "npm": ">=5.7.1"
      }
    },
    "node_modules/@ckeditor/ckeditor5-image": {
      "version": "36.0.1",
      "resolved": "https://registry.npmjs.org/@ckeditor/ckeditor5-image/-/ckeditor5-image-36.0.1.tgz",
      "integrity": "sha512-HElSvvBXL4kmwtwrAw28oIuJN1gXMr0kOYnR+sLkJGlfeymOQ4RKEqW3vOPMmN6s2RMJVoNkpytPbhzalFn3Sg==",
      "dependencies": {
        "@ckeditor/ckeditor5-ui": "^36.0.1",
        "ckeditor5": "^36.0.1",
        "lodash-es": "^4.17.15"
      },
      "engines": {
        "node": ">=14.0.0",
        "npm": ">=5.7.1"
      }
    },
    "node_modules/@ckeditor/ckeditor5-indent": {
      "version": "36.0.1",
      "resolved": "https://registry.npmjs.org/@ckeditor/ckeditor5-indent/-/ckeditor5-indent-36.0.1.tgz",
      "integrity": "sha512-3E+3UCP9Krr41yP8g5a/QmJEJCChOFWdrLShi0YYODkJlhI/UUJFWVDTx54x1GnnDhXt8HhpOVGHCo14+KuRfA==",
      "dependencies": {
        "ckeditor5": "^36.0.1"
      },
      "engines": {
        "node": ">=14.0.0",
        "npm": ">=5.7.1"
      }
    },
    "node_modules/@ckeditor/ckeditor5-link": {
      "version": "36.0.1",
      "resolved": "https://registry.npmjs.org/@ckeditor/ckeditor5-link/-/ckeditor5-link-36.0.1.tgz",
      "integrity": "sha512-u0E22wCzgAWMlg5BemYAUHws6zausSek+tmI6VmTRibogsUsfso3JnWI0RXNiEd4i2w1wRspvb9S/D8iy7n4fA==",
      "dependencies": {
        "@ckeditor/ckeditor5-ui": "^36.0.1",
        "ckeditor5": "^36.0.1",
        "lodash-es": "^4.17.15"
      },
      "engines": {
        "node": ">=14.0.0",
        "npm": ">=5.7.1"
      }
    },
    "node_modules/@ckeditor/ckeditor5-list": {
      "version": "36.0.1",
      "resolved": "https://registry.npmjs.org/@ckeditor/ckeditor5-list/-/ckeditor5-list-36.0.1.tgz",
      "integrity": "sha512-v4h5iXCqbOpjaiQRZNp1SExU7BzKfcDU9VUGZpUzFLC0S1JKVO1DAJKMxhqgUCvgGrTOrYHZoGaqNWQZXXwZQg==",
      "dependencies": {
        "@ckeditor/ckeditor5-ui": "^36.0.1",
        "ckeditor5": "^36.0.1"
      },
      "engines": {
        "node": ">=14.0.0",
        "npm": ">=5.7.1"
      }
    },
    "node_modules/@ckeditor/ckeditor5-media-embed": {
      "version": "36.0.1",
      "resolved": "https://registry.npmjs.org/@ckeditor/ckeditor5-media-embed/-/ckeditor5-media-embed-36.0.1.tgz",
      "integrity": "sha512-TBl9bh+wBndkHfjjULqTYdYjbwtpO0ug4QTE5PQuAXrfvNeTAGvpYRqnJtLlASzqvUcgc3uBCXI9sO90ZUnFWw==",
      "dependencies": {
        "@ckeditor/ckeditor5-ui": "^36.0.1",
        "ckeditor5": "^36.0.1"
      },
      "engines": {
        "node": ">=14.0.0",
        "npm": ">=5.7.1"
      }
    },
    "node_modules/@ckeditor/ckeditor5-paragraph": {
      "version": "36.0.1",
      "resolved": "https://registry.npmjs.org/@ckeditor/ckeditor5-paragraph/-/ckeditor5-paragraph-36.0.1.tgz",
      "integrity": "sha512-NF1PH9WVfY81vkohj6GV1W/u1ogbZnfy60wrDy8Qp3iaFK1LJBsKNz3q1tf0WkBghaX/MUjR9E06l/OrTtaTZw==",
      "dependencies": {
        "@ckeditor/ckeditor5-core": "^36.0.1",
        "@ckeditor/ckeditor5-ui": "^36.0.1",
        "@ckeditor/ckeditor5-utils": "^36.0.1"
      },
      "engines": {
        "node": ">=14.0.0",
        "npm": ">=5.7.1"
      }
    },
    "node_modules/@ckeditor/ckeditor5-paste-from-office": {
      "version": "36.0.1",
      "resolved": "https://registry.npmjs.org/@ckeditor/ckeditor5-paste-from-office/-/ckeditor5-paste-from-office-36.0.1.tgz",
      "integrity": "sha512-JG3Ex/0mQ94E6coU16/CpnjikadCLebRLKXKYQyK/Wag7MbkKh8jgzpnZTC4Br4HvpQORfx7eC475BWF927FeQ==",
      "dependencies": {
        "ckeditor5": "^36.0.1"
      },
      "engines": {
        "node": ">=14.0.0",
        "npm": ">=5.7.1"
      }
    },
    "node_modules/@ckeditor/ckeditor5-select-all": {
      "version": "36.0.1",
      "resolved": "https://registry.npmjs.org/@ckeditor/ckeditor5-select-all/-/ckeditor5-select-all-36.0.1.tgz",
      "integrity": "sha512-8rPxcenTAoqXy1gleZvfsc7VD0IltPFq8R+blD4JL+sSMMDUtKhPuok4TA9h6Yh0nP6LfRK2fBUKIWH3xRPABg==",
      "dependencies": {
        "@ckeditor/ckeditor5-core": "^36.0.1",
        "@ckeditor/ckeditor5-ui": "^36.0.1",
        "@ckeditor/ckeditor5-utils": "^36.0.1"
      },
      "engines": {
        "node": ">=14.0.0",
        "npm": ">=5.7.1"
      }
    },
    "node_modules/@ckeditor/ckeditor5-table": {
      "version": "36.0.1",
      "resolved": "https://registry.npmjs.org/@ckeditor/ckeditor5-table/-/ckeditor5-table-36.0.1.tgz",
      "integrity": "sha512-ishbq3Rp8n7aypswmbqAVWT5W0iYZfAfm6wS+dpSoFqzAPX6ko8+bnoTkq+Wbs1S4+JDaua7QOJw9A1L1cv17A==",
      "dependencies": {
        "ckeditor5": "^36.0.1",
        "lodash-es": "^4.17.15"
      },
      "engines": {
        "node": ">=14.0.0",
        "npm": ">=5.7.1"
      }
    },
    "node_modules/@ckeditor/ckeditor5-typing": {
      "version": "36.0.1",
      "resolved": "https://registry.npmjs.org/@ckeditor/ckeditor5-typing/-/ckeditor5-typing-36.0.1.tgz",
      "integrity": "sha512-NwXQxNxf/LLANiiteEVaLr1ZzvJd7y6+O5a6x0Tv9Uuheu80aw2Axm3icneODt05G/XT+iJmCHzUYdEiCsHUaw==",
      "dependencies": {
        "@ckeditor/ckeditor5-core": "^36.0.1",
        "@ckeditor/ckeditor5-engine": "^36.0.1",
        "@ckeditor/ckeditor5-utils": "^36.0.1",
        "lodash-es": "^4.17.15"
      },
      "engines": {
        "node": ">=14.0.0",
        "npm": ">=5.7.1"
      }
    },
    "node_modules/@ckeditor/ckeditor5-ui": {
      "version": "36.0.1",
      "resolved": "https://registry.npmjs.org/@ckeditor/ckeditor5-ui/-/ckeditor5-ui-36.0.1.tgz",
      "integrity": "sha512-wPqAdXUZnEAD3XPvS5vEGU2kxzTQah3wne3B1esdlbJ7dSLZDdx8r1dyKyp3/WCpCT8G+PqGvSUrlnqcy7WI5A==",
      "dependencies": {
        "@ckeditor/ckeditor5-core": "^36.0.1",
        "@ckeditor/ckeditor5-utils": "^36.0.1",
        "lodash-es": "^4.17.15"
      },
      "engines": {
        "node": ">=14.0.0",
        "npm": ">=5.7.1"
      }
    },
    "node_modules/@ckeditor/ckeditor5-undo": {
      "version": "36.0.1",
      "resolved": "https://registry.npmjs.org/@ckeditor/ckeditor5-undo/-/ckeditor5-undo-36.0.1.tgz",
      "integrity": "sha512-TBm6TAnur59f5hqlgUZ89NV3cPQw0xqqpSuVMFrvFruPmPiIay2E34Mapb5KRXr83AEPhNN8GAE2YM7HmMqKrQ==",
      "dependencies": {
        "@ckeditor/ckeditor5-core": "^36.0.1",
        "@ckeditor/ckeditor5-engine": "^36.0.1",
        "@ckeditor/ckeditor5-ui": "^36.0.1"
      },
      "engines": {
        "node": ">=14.0.0",
        "npm": ">=5.7.1"
      }
    },
    "node_modules/@ckeditor/ckeditor5-upload": {
      "version": "36.0.1",
      "resolved": "https://registry.npmjs.org/@ckeditor/ckeditor5-upload/-/ckeditor5-upload-36.0.1.tgz",
      "integrity": "sha512-932vnvO++SzfZ6EpNkOj6PPKN6vVgn5aW3gu0c1D51cF9KkCFiaMhBDsOzDRVvq/bbnDqUQ9v3j1cNo2UlC8oA==",
      "dependencies": {
        "@ckeditor/ckeditor5-core": "^36.0.1",
        "@ckeditor/ckeditor5-ui": "^36.0.1",
        "@ckeditor/ckeditor5-utils": "^36.0.1"
      },
      "engines": {
        "node": ">=14.0.0",
        "npm": ">=5.7.1"
      }
    },
    "node_modules/@ckeditor/ckeditor5-utils": {
      "version": "36.0.1",
      "resolved": "https://registry.npmjs.org/@ckeditor/ckeditor5-utils/-/ckeditor5-utils-36.0.1.tgz",
      "integrity": "sha512-TW/YRb0OQe88IyqRoq2xS02iXOG82NQybzMuFDnGyCaFV0hA/9ysOyWwFpxDLcPDhDgVJZIxuwvFaek9x+uCMA==",
      "dependencies": {
        "lodash-es": "^4.17.15"
      },
      "engines": {
        "node": ">=14.0.0",
        "npm": ">=5.7.1"
      }
    },
    "node_modules/@ckeditor/ckeditor5-widget": {
      "version": "36.0.1",
      "resolved": "https://registry.npmjs.org/@ckeditor/ckeditor5-widget/-/ckeditor5-widget-36.0.1.tgz",
      "integrity": "sha512-on92cCRYLWTfwrpnFi5z4FY7NDhY+X+p6yuYStnB9d9jM3FJi3/7y2q9ojr8fSMot4pQsXCiFXzaF6yez+77wA==",
      "dependencies": {
        "@ckeditor/ckeditor5-core": "^36.0.1",
        "@ckeditor/ckeditor5-engine": "^36.0.1",
        "@ckeditor/ckeditor5-enter": "^36.0.1",
        "@ckeditor/ckeditor5-typing": "^36.0.1",
        "@ckeditor/ckeditor5-ui": "^36.0.1",
        "@ckeditor/ckeditor5-utils": "^36.0.1",
        "lodash-es": "^4.17.15"
      },
      "engines": {
        "node": ">=14.0.0",
        "npm": ">=5.7.1"
      }
    },
    "node_modules/ckeditor5": {
      "version": "36.0.1",
      "resolved": "https://registry.npmjs.org/ckeditor5/-/ckeditor5-36.0.1.tgz",
      "integrity": "sha512-9zKX7WIRKSDviM0s41VvW8JtDiRtNrhwrzYj4XCjGpZyIXsUKttdJYHIP5iP1MdfZU/hCvpgSUn2fmRPxFbg+Q==",
      "dependencies": {
        "@ckeditor/ckeditor5-clipboard": "^36.0.1",
        "@ckeditor/ckeditor5-core": "^36.0.1",
        "@ckeditor/ckeditor5-engine": "^36.0.1",
        "@ckeditor/ckeditor5-enter": "^36.0.1",
        "@ckeditor/ckeditor5-paragraph": "^36.0.1",
        "@ckeditor/ckeditor5-select-all": "^36.0.1",
        "@ckeditor/ckeditor5-typing": "^36.0.1",
        "@ckeditor/ckeditor5-ui": "^36.0.1",
        "@ckeditor/ckeditor5-undo": "^36.0.1",
        "@ckeditor/ckeditor5-upload": "^36.0.1",
        "@ckeditor/ckeditor5-utils": "^36.0.1",
        "@ckeditor/ckeditor5-widget": "^36.0.1"
      },
      "engines": {
        "node": ">=14.0.0",
        "npm": ">=5.7.1"
      }
    },
    "node_modules/lodash-es": {
      "version": "4.17.21",
      "resolved": "https://registry.npmjs.org/lodash-es/-/lodash-es-4.17.21.tgz",
      "integrity": "sha512-mKnC+QJ9pWVzv+C4/U3rRsHapFfHvQFoFB92e52xeyGMcX6/OlIl78je1u8vePzYZSkkogMPJ2yjxxsb89cxyw=="
    }
  },
  "dependencies": {
    "@ckeditor/ckeditor5-adapter-ckfinder": {
      "version": "36.0.1",
      "resolved": "https://registry.npmjs.org/@ckeditor/ckeditor5-adapter-ckfinder/-/ckeditor5-adapter-ckfinder-36.0.1.tgz",
      "integrity": "sha512-kZUvaG0fpGavArn5Yl2eKkCfCelemRfPRVyPerliJUh/6xhDhwT2ds/stI4VyhE2tHRD9ohOywxAEcH2XJUthg==",
      "requires": {
        "ckeditor5": "^36.0.1"
      }
    },
    "@ckeditor/ckeditor5-autoformat": {
      "version": "36.0.1",
      "resolved": "https://registry.npmjs.org/@ckeditor/ckeditor5-autoformat/-/ckeditor5-autoformat-36.0.1.tgz",
      "integrity": "sha512-kve+Ergl40L6DzbtvyTMhbwfMZgpl0SJgsAzukQ72OyvJykQywworJ3zt/PgLCJKD+EKN80X9nR8kfBzXRG/vw==",
      "requires": {
        "ckeditor5": "^36.0.1"
      }
    },
    "@ckeditor/ckeditor5-basic-styles": {
      "version": "36.0.1",
      "resolved": "https://registry.npmjs.org/@ckeditor/ckeditor5-basic-styles/-/ckeditor5-basic-styles-36.0.1.tgz",
      "integrity": "sha512-5qbgzsgmJP7lecf78sy6QpqbsF2BLs7WxziMrJUXQytgq4S7o+Q/uqGF/itpkQMBBnLulRFJ8/x055iOBugreQ==",
      "requires": {
        "ckeditor5": "^36.0.1"
      }
    },
    "@ckeditor/ckeditor5-block-quote": {
      "version": "36.0.1",
      "resolved": "https://registry.npmjs.org/@ckeditor/ckeditor5-block-quote/-/ckeditor5-block-quote-36.0.1.tgz",
      "integrity": "sha512-kLvkHGiu5lAnPiUnRUc0M0Nlls179PmcOvX+YIIp62YBYTxG/R6oCC5clnnhodNiDQBEgwbxqoqTKNSkOX0VWw==",
      "requires": {
        "ckeditor5": "^36.0.1"
      }
    },
    "@ckeditor/ckeditor5-build-classic": {
      "version": "36.0.1",
      "resolved": "https://registry.npmjs.org/@ckeditor/ckeditor5-build-classic/-/ckeditor5-build-classic-36.0.1.tgz",
      "integrity": "sha512-noBqFM9rzf9WAn5JLqbmKbjarrrLzu0cNDX8LUaYPa/n/AYThL2ul4vy6zmHS7OS+PJLQaH+S/bTFLRflcVl3A==",
      "requires": {
        "@ckeditor/ckeditor5-adapter-ckfinder": "^36.0.1",
        "@ckeditor/ckeditor5-autoformat": "^36.0.1",
        "@ckeditor/ckeditor5-basic-styles": "^36.0.1",
        "@ckeditor/ckeditor5-block-quote": "^36.0.1",
        "@ckeditor/ckeditor5-ckbox": "^36.0.1",
        "@ckeditor/ckeditor5-ckfinder": "^36.0.1",
        "@ckeditor/ckeditor5-cloud-services": "^36.0.1",
        "@ckeditor/ckeditor5-easy-image": "^36.0.1",
        "@ckeditor/ckeditor5-editor-classic": "^36.0.1",
        "@ckeditor/ckeditor5-essentials": "^36.0.1",
        "@ckeditor/ckeditor5-heading": "^36.0.1",
        "@ckeditor/ckeditor5-image": "^36.0.1",
        "@ckeditor/ckeditor5-indent": "^36.0.1",
        "@ckeditor/ckeditor5-link": "^36.0.1",
        "@ckeditor/ckeditor5-list": "^36.0.1",
        "@ckeditor/ckeditor5-media-embed": "^36.0.1",
        "@ckeditor/ckeditor5-paragraph": "^36.0.1",
        "@ckeditor/ckeditor5-paste-from-office": "^36.0.1",
        "@ckeditor/ckeditor5-table": "^36.0.1",
        "@ckeditor/ckeditor5-typing": "^36.0.1"
      }
    },
    "@ckeditor/ckeditor5-ckbox": {
      "version": "36.0.1",
      "resolved": "https://registry.npmjs.org/@ckeditor/ckeditor5-ckbox/-/ckeditor5-ckbox-36.0.1.tgz",
      "integrity": "sha512-QzrsGCj84Yd3wDIvFk/e/BJvjeQHhBDxJ/XUfkDw2rhFvJZ9V5Xx08JR+Hsamvc/wd/ES/SlJyDPRjzdfuq/gw==",
      "requires": {
        "ckeditor5": "^36.0.1"
      }
    },
    "@ckeditor/ckeditor5-ckfinder": {
      "version": "36.0.1",
      "resolved": "https://registry.npmjs.org/@ckeditor/ckeditor5-ckfinder/-/ckeditor5-ckfinder-36.0.1.tgz",
      "integrity": "sha512-2qdUHEDmBdyFMeiNSWgE/f1p3Tt9b1uuOsvAt+pXJHET9zT8TlpipbhzN3e9+Vqbiy7tv1ofK/gGGHLGoI25tg==",
      "requires": {
        "ckeditor5": "^36.0.1"
      }
    },
    "@ckeditor/ckeditor5-clipboard": {
      "version": "36.0.1",
      "resolved": "https://registry.npmjs.org/@ckeditor/ckeditor5-clipboard/-/ckeditor5-clipboard-36.0.1.tgz",
      "integrity": "sha512-CFh5oO29dUXwsUf/BPM8g5l8MV3hiG27/h6fpC1qRUTAVXDAj43j+cfYYs8MwNi3hv0c/1KyT1bLySqQ/LZctw==",
      "requires": {
        "@ckeditor/ckeditor5-core": "^36.0.1",
        "@ckeditor/ckeditor5-engine": "^36.0.1",
        "@ckeditor/ckeditor5-utils": "^36.0.1",
        "@ckeditor/ckeditor5-widget": "^36.0.1",
        "lodash-es": "^4.17.11"
      }
    },
    "@ckeditor/ckeditor5-cloud-services": {
      "version": "36.0.1",
      "resolved": "https://registry.npmjs.org/@ckeditor/ckeditor5-cloud-services/-/ckeditor5-cloud-services-36.0.1.tgz",
      "integrity": "sha512-o+Xp3mAWISx+LCHeV8wYN1v7ZA0XUtIOXPb6N+6lJcS9fDSdc/B4+0KnpHoDZQThgvs9UoNb6ty2f3H5Den/Bg==",
      "requires": {
        "ckeditor5": "^36.0.1"
      }
    },
    "@ckeditor/ckeditor5-core": {
      "version": "36.0.1",
      "resolved": "https://registry.npmjs.org/@ckeditor/ckeditor5-core/-/ckeditor5-core-36.0.1.tgz",
      "integrity": "sha512-50O+DYXtaf4dMOn+3mGUvfYiE2qsCgVn114WQj7Tj3pZl5w+pAIv/2P+9cBB2Kb7QxgPZqZ7bvsi9wHqIJ6KCw==",
      "requires": {
        "@ckeditor/ckeditor5-engine": "^36.0.1",
        "@ckeditor/ckeditor5-utils": "^36.0.1",
        "lodash-es": "^4.17.15"
      }
    },
    "@ckeditor/ckeditor5-easy-image": {
      "version": "36.0.1",
      "resolved": "https://registry.npmjs.org/@ckeditor/ckeditor5-easy-image/-/ckeditor5-easy-image-36.0.1.tgz",
      "integrity": "sha512-t74s840xNPaWibgI1YcC/lHcigCY4zUyXzpXhepWe9qw4zfg58H2wK6a0AwBN+yy8mXcotDUmjXkOXgnNkJp0Q==",
      "requires": {
        "ckeditor5": "^36.0.1"
      }
    },
    "@ckeditor/ckeditor5-editor-classic": {
      "version": "36.0.1",
      "resolved": "https://registry.npmjs.org/@ckeditor/ckeditor5-editor-classic/-/ckeditor5-editor-classic-36.0.1.tgz",
      "integrity": "sha512-/euO79HzgIxILgxbqpGaMxO3f2BSGazljAGTc+aGJQ4bs9YnkxpeCc2wxYXuUzMNev2vVqhaPTvRJzg2Bb2r9w==",
      "requires": {
        "ckeditor5": "^36.0.1",
        "lodash-es": "^4.17.15"
      }
    },
    "@ckeditor/ckeditor5-engine": {
      "version": "36.0.1",
      "resolved": "https://registry.npmjs.org/@ckeditor/ckeditor5-engine/-/ckeditor5-engine-36.0.1.tgz",
      "integrity": "sha512-Ze2omTguUggwiL9vvLvPk+QpjEBbIOPS1Hi/ROYlsW8QSdnPbSTv+6rCIYThqJMFeonxLZWV5XwbcqpgSAs0MA==",
      "requires": {
        "@ckeditor/ckeditor5-utils": "^36.0.1",
        "lodash-es": "^4.17.15"
      }
    },
    "@ckeditor/ckeditor5-enter": {
      "version": "36.0.1",
      "resolved": "https://registry.npmjs.org/@ckeditor/ckeditor5-enter/-/ckeditor5-enter-36.0.1.tgz",
      "integrity": "sha512-FHZ43bltDGFyihfBOTwBOgsS2mMU2ATR9xxFEKlDP+8+P1bq4e0YkC3t4PuwtHIZMvNHiFxqvmFtA2eznGS7sQ==",
      "requires": {
        "@ckeditor/ckeditor5-core": "^36.0.1",
        "@ckeditor/ckeditor5-engine": "^36.0.1"
      }
    },
    "@ckeditor/ckeditor5-essentials": {
      "version": "36.0.1",
      "resolved": "https://registry.npmjs.org/@ckeditor/ckeditor5-essentials/-/ckeditor5-essentials-36.0.1.tgz",
      "integrity": "sha512-f6yEeSA75/hAqK+hZ09LnUj+2PSXFSTHFBzC32WKr+e2qlTx3/mArvwnnQcTj7lo7SuUmctpg7X5DD3/Rcg+HA==",
      "requires": {
        "ckeditor5": "^36.0.1"
      }
    },
    "@ckeditor/ckeditor5-heading": {
      "version": "36.0.1",
      "resolved": "https://registry.npmjs.org/@ckeditor/ckeditor5-heading/-/ckeditor5-heading-36.0.1.tgz",
      "integrity": "sha512-elVL6y8kFFB4wCjmVTYsbx5vFoNCsPn9fAJ4/T2tElb9wszs4BsbMjScUNwVomOxuSPy3x6Qt4HG1NFVoh1FKg==",
      "requires": {
        "ckeditor5": "^36.0.1"
      }
    },
    "@ckeditor/ckeditor5-image": {
      "version": "36.0.1",
      "resolved": "https://registry.npmjs.org/@ckeditor/ckeditor5-image/-/ckeditor5-image-36.0.1.tgz",
      "integrity": "sha512-HElSvvBXL4kmwtwrAw28oIuJN1gXMr0kOYnR+sLkJGlfeymOQ4RKEqW3vOPMmN6s2RMJVoNkpytPbhzalFn3Sg==",
      "requires": {
        "@ckeditor/ckeditor5-ui": "^36.0.1",
        "ckeditor5": "^36.0.1",
        "lodash-es": "^4.17.15"
      }
    },
    "@ckeditor/ckeditor5-indent": {
      "version": "36.0.1",
      "resolved": "https://registry.npmjs.org/@ckeditor/ckeditor5-indent/-/ckeditor5-indent-36.0.1.tgz",
      "integrity": "sha512-3E+3UCP9Krr41yP8g5a/QmJEJCChOFWdrLShi0YYODkJlhI/UUJFWVDTx54x1GnnDhXt8HhpOVGHCo14+KuRfA==",
      "requires": {
        "ckeditor5": "^36.0.1"
      }
    },
    "@ckeditor/ckeditor5-link": {
      "version": "36.0.1",
      "resolved": "https://registry.npmjs.org/@ckeditor/ckeditor5-link/-/ckeditor5-link-36.0.1.tgz",
      "integrity": "sha512-u0E22wCzgAWMlg5BemYAUHws6zausSek+tmI6VmTRibogsUsfso3JnWI0RXNiEd4i2w1wRspvb9S/D8iy7n4fA==",
      "requires": {
        "@ckeditor/ckeditor5-ui": "^36.0.1",
        "ckeditor5": "^36.0.1",
        "lodash-es": "^4.17.15"
      }
    },
    "@ckeditor/ckeditor5-list": {
      "version": "36.0.1",
      "resolved": "https://registry.npmjs.org/@ckeditor/ckeditor5-list/-/ckeditor5-list-36.0.1.tgz",
      "integrity": "sha512-v4h5iXCqbOpjaiQRZNp1SExU7BzKfcDU9VUGZpUzFLC0S1JKVO1DAJKMxhqgUCvgGrTOrYHZoGaqNWQZXXwZQg==",
      "requires": {
        "@ckeditor/ckeditor5-ui": "^36.0.1",
        "ckeditor5": "^36.0.1"
      }
    },
    "@ckeditor/ckeditor5-media-embed": {
      "version": "36.0.1",
      "resolved": "https://registry.npmjs.org/@ckeditor/ckeditor5-media-embed/-/ckeditor5-media-embed-36.0.1.tgz",
      "integrity": "sha512-TBl9bh+wBndkHfjjULqTYdYjbwtpO0ug4QTE5PQuAXrfvNeTAGvpYRqnJtLlASzqvUcgc3uBCXI9sO90ZUnFWw==",
      "requires": {
        "@ckeditor/ckeditor5-ui": "^36.0.1",
        "ckeditor5": "^36.0.1"
      }
    },
    "@ckeditor/ckeditor5-paragraph": {
      "version": "36.0.1",
      "resolved": "https://registry.npmjs.org/@ckeditor/ckeditor5-paragraph/-/ckeditor5-paragraph-36.0.1.tgz",
      "integrity": "sha512-NF1PH9WVfY81vkohj6GV1W/u1ogbZnfy60wrDy8Qp3iaFK1LJBsKNz3q1tf0WkBghaX/MUjR9E06l/OrTtaTZw==",
      "requires": {
        "@ckeditor/ckeditor5-core": "^36.0.1",
        "@ckeditor/ckeditor5-ui": "^36.0.1",
        "@ckeditor/ckeditor5-utils": "^36.0.1"
      }
    },
    "@ckeditor/ckeditor5-paste-from-office": {
      "version": "36.0.1",
      "resolved": "https://registry.npmjs.org/@ckeditor/ckeditor5-paste-from-office/-/ckeditor5-paste-from-office-36.0.1.tgz",
      "integrity": "sha512-JG3Ex/0mQ94E6coU16/CpnjikadCLebRLKXKYQyK/Wag7MbkKh8jgzpnZTC4Br4HvpQORfx7eC475BWF927FeQ==",
      "requires": {
        "ckeditor5": "^36.0.1"
      }
    },
    "@ckeditor/ckeditor5-select-all": {
      "version": "36.0.1",
      "resolved": "https://registry.npmjs.org/@ckeditor/ckeditor5-select-all/-/ckeditor5-select-all-36.0.1.tgz",
      "integrity": "sha512-8rPxcenTAoqXy1gleZvfsc7VD0IltPFq8R+blD4JL+sSMMDUtKhPuok4TA9h6Yh0nP6LfRK2fBUKIWH3xRPABg==",
      "requires": {
        "@ckeditor/ckeditor5-core": "^36.0.1",
        "@ckeditor/ckeditor5-ui": "^36.0.1",
        "@ckeditor/ckeditor5-utils": "^36.0.1"
      }
    },
    "@ckeditor/ckeditor5-table": {
      "version": "36.0.1",
      "resolved": "https://registry.npmjs.org/@ckeditor/ckeditor5-table/-/ckeditor5-table-36.0.1.tgz",
      "integrity": "sha512-ishbq3Rp8n7aypswmbqAVWT5W0iYZfAfm6wS+dpSoFqzAPX6ko8+bnoTkq+Wbs1S4+JDaua7QOJw9A1L1cv17A==",
      "requires": {
        "ckeditor5": "^36.0.1",
        "lodash-es": "^4.17.15"
      }
    },
    "@ckeditor/ckeditor5-typing": {
      "version": "36.0.1",
      "resolved": "https://registry.npmjs.org/@ckeditor/ckeditor5-typing/-/ckeditor5-typing-36.0.1.tgz",
      "integrity": "sha512-NwXQxNxf/LLANiiteEVaLr1ZzvJd7y6+O5a6x0Tv9Uuheu80aw2Axm3icneODt05G/XT+iJmCHzUYdEiCsHUaw==",
      "requires": {
        "@ckeditor/ckeditor5-core": "^36.0.1",
        "@ckeditor/ckeditor5-engine": "^36.0.1",
        "@ckeditor/ckeditor5-utils": "^36.0.1",
        "lodash-es": "^4.17.15"
      }
    },
    "@ckeditor/ckeditor5-ui": {
      "version": "36.0.1",
      "resolved": "https://registry.npmjs.org/@ckeditor/ckeditor5-ui/-/ckeditor5-ui-36.0.1.tgz",
      "integrity": "sha512-wPqAdXUZnEAD3XPvS5vEGU2kxzTQah3wne3B1esdlbJ7dSLZDdx8r1dyKyp3/WCpCT8G+PqGvSUrlnqcy7WI5A==",
      "requires": {
        "@ckeditor/ckeditor5-core": "^36.0.1",
        "@ckeditor/ckeditor5-utils": "^36.0.1",
        "lodash-es": "^4.17.15"
      }
    },
    "@ckeditor/ckeditor5-undo": {
      "version": "36.0.1",
      "resolved": "https://registry.npmjs.org/@ckeditor/ckeditor5-undo/-/ckeditor5-undo-36.0.1.tgz",
      "integrity": "sha512-TBm6TAnur59f5hqlgUZ89NV3cPQw0xqqpSuVMFrvFruPmPiIay2E34Mapb5KRXr83AEPhNN8GAE2YM7HmMqKrQ==",
      "requires": {
        "@ckeditor/ckeditor5-core": "^36.0.1",
        "@ckeditor/ckeditor5-engine": "^36.0.1",
        "@ckeditor/ckeditor5-ui": "^36.0.1"
      }
    },
    "@ckeditor/ckeditor5-upload": {
      "version": "36.0.1",
      "resolved": "https://registry.npmjs.org/@ckeditor/ckeditor5-upload/-/ckeditor5-upload-36.0.1.tgz",
      "integrity": "sha512-932vnvO++SzfZ6EpNkOj6PPKN6vVgn5aW3gu0c1D51cF9KkCFiaMhBDsOzDRVvq/bbnDqUQ9v3j1cNo2UlC8oA==",
      "requires": {
        "@ckeditor/ckeditor5-core": "^36.0.1",
        "@ckeditor/ckeditor5-ui": "^36.0.1",
        "@ckeditor/ckeditor5-utils": "^36.0.1"
      }
    },
    "@ckeditor/ckeditor5-utils": {
      "version": "36.0.1",
      "resolved": "https://registry.npmjs.org/@ckeditor/ckeditor5-utils/-/ckeditor5-utils-36.0.1.tgz",
      "integrity": "sha512-TW/YRb0OQe88IyqRoq2xS02iXOG82NQybzMuFDnGyCaFV0hA/9ysOyWwFpxDLcPDhDgVJZIxuwvFaek9x+uCMA==",
      "requires": {
        "lodash-es": "^4.17.15"
      }
    },
    "@ckeditor/ckeditor5-widget": {
      "version": "36.0.1",
      "resolved": "https://registry.npmjs.org/@ckeditor/ckeditor5-widget/-/ckeditor5-widget-36.0.1.tgz",
      "integrity": "sha512-on92cCRYLWTfwrpnFi5z4FY7NDhY+X+p6yuYStnB9d9jM3FJi3/7y2q9ojr8fSMot4pQsXCiFXzaF6yez+77wA==",
      "requires": {
        "@ckeditor/ckeditor5-core": "^36.0.1",
        "@ckeditor/ckeditor5-engine": "^36.0.1",
        "@ckeditor/ckeditor5-enter": "^36.0.1",
        "@ckeditor/ckeditor5-typing": "^36.0.1",
        "@ckeditor/ckeditor5-ui": "^36.0.1",
        "@ckeditor/ckeditor5-utils": "^36.0.1",
        "lodash-es": "^4.17.15"
      }
    },
    "ckeditor5": {
      "version": "36.0.1",
      "resolved": "https://registry.npmjs.org/ckeditor5/-/ckeditor5-36.0.1.tgz",
      "integrity": "sha512-9zKX7WIRKSDviM0s41VvW8JtDiRtNrhwrzYj4XCjGpZyIXsUKttdJYHIP5iP1MdfZU/hCvpgSUn2fmRPxFbg+Q==",
      "requires": {
        "@ckeditor/ckeditor5-clipboard": "^36.0.1",
        "@ckeditor/ckeditor5-core": "^36.0.1",
        "@ckeditor/ckeditor5-engine": "^36.0.1",
        "@ckeditor/ckeditor5-enter": "^36.0.1",
        "@ckeditor/ckeditor5-paragraph": "^36.0.1",
        "@ckeditor/ckeditor5-select-all": "^36.0.1",
        "@ckeditor/ckeditor5-typing": "^36.0.1",
        "@ckeditor/ckeditor5-ui": "^36.0.1",
        "@ckeditor/ckeditor5-undo": "^36.0.1",
        "@ckeditor/ckeditor5-upload": "^36.0.1",
        "@ckeditor/ckeditor5-utils": "^36.0.1",
        "@ckeditor/ckeditor5-widget": "^36.0.1"
      }
    },
    "lodash-es": {
      "version": "4.17.21",
      "resolved": "https://registry.npmjs.org/lodash-es/-/lodash-es-4.17.21.tgz",
      "integrity": "sha512-mKnC+QJ9pWVzv+C4/U3rRsHapFfHvQFoFB92e52xeyGMcX6/OlIl78je1u8vePzYZSkkogMPJ2yjxxsb89cxyw=="
    }
  }
}
